
Microsoft Visual Studio Solution File, Format Version 12.00
# Visual Studio Version 17
VisualStudioVersion = 17.10.35013.160
MinimumVisualStudioVersion = 10.0.40219.1
Project("{FAE04EC0-301F-11D3-BF4B-00C04F79EFBC}") = "RendezVous", "RendezVous.csproj", "{7CD6CF2B-E306-4909-930F-C4E26819A21A}"
EndProject
Global
	GlobalSection(SolutionConfigurationPlatforms) = preSolution
		Debug|Any CPU = Debug|Any CPU
		Release|Any CPU = Release|Any CPU
	EndGlobalSection
	GlobalSection(ProjectConfigurationPlatforms) = postSolution
		{7CD6CF2B-E306-4909-930F-C4E26819A21A}.Debug|Any CPU.ActiveCfg = Debug|Any CPU
		{7CD6CF2B-E306-4909-930F-C4E26819A21A}.Debug|Any CPU.Build.0 = Debug|Any CPU
		{7CD6CF2B-E306-4909-930F-C4E26819A21A}.Release|Any CPU.ActiveCfg = Release|Any CPU
		{7CD6CF2B-E306-4909-930F-C4E26819A21A}.Release|Any CPU.Build.0 = Release|Any CPU
	EndGlobalSection
	GlobalSection(SolutionProperties) = preSolution
		HideSolutionNode = FALSE
	EndGlobalSection
	GlobalSection(ExtensibilityGlobals) = postSolution
		SolutionGuid = {D1317768-35D8-4C16-81EA-40C4C7BA40D3}
	EndGlobalSection
EndGlobal
